// !$*UTF8*$!
{
	archiveVersion = 1;
	classes = {
	};
	objectVersion = 51;
	objects = {

/* Begin PBXBuildFile section */
		51116ABA2426F5046CE09509 /* Pods_HXHSwiftKit.framework in Frameworks */ = {isa = PBXBuildFile; fileRef = 4D6D32C30E8DA0596DD20C04 /* Pods_HXHSwiftKit.framework */; };
		586C5125243C4E6900F93C91 /* ColorManager.swift in Sources */ = {isa = PBXBuildFile; fileRef = 586C5124243C4E6900F93C91 /* ColorManager.swift */; };
		586C5127243C539A00F93C91 /* HXHBaseNavigationViewController.swift in Sources */ = {isa = PBXBuildFile; fileRef = 586C5126243C539A00F93C91 /* HXHBaseNavigationViewController.swift */; };
		58C4405D24358AD000AF5649 /* HXHBaseViewController.swift in Sources */ = {isa = PBXBuildFile; fileRef = 58C4405B24358AD000AF5649 /* HXHBaseViewController.swift */; };
		58C440602435C6EE00AF5649 /* UIViewController+HXHAdd.swift in Sources */ = {isa = PBXBuildFile; fileRef = 58C4405F2435C6EE00AF5649 /* UIViewController+HXHAdd.swift */; };
		58C440622435D98600AF5649 /* HXHNameSpace.swift in Sources */ = {isa = PBXBuildFile; fileRef = 58C440612435D98600AF5649 /* HXHNameSpace.swift */; };
		58C440652436D6A100AF5649 /* UIButton+HXHAdd.swift in Sources */ = {isa = PBXBuildFile; fileRef = 58C440642436D6A100AF5649 /* UIButton+HXHAdd.swift */; };
		58C4406824370EF700AF5649 /* FrameManager.swift in Sources */ = {isa = PBXBuildFile; fileRef = 58C4406724370EF700AF5649 /* FrameManager.swift */; };
		A6572C602434C0AF002ED22C /* AppDelegate.swift in Sources */ = {isa = PBXBuildFile; fileRef = A6572C5F2434C0AF002ED22C /* AppDelegate.swift */; };
		A6572C692434C0B3002ED22C /* Assets.xcassets in Resources */ = {isa = PBXBuildFile; fileRef = A6572C682434C0B3002ED22C /* Assets.xcassets */; };
		A6572C6C2434C0B3002ED22C /* LaunchScreen.storyboard in Resources */ = {isa = PBXBuildFile; fileRef = A6572C6A2434C0B3002ED22C /* LaunchScreen.storyboard */; };
		A6F63D092438784100E7BB45 /* File.swift in Sources */ = {isa = PBXBuildFile; fileRef = A6F63D082438784100E7BB45 /* File.swift */; };
/* End PBXBuildFile section */

/* Begin PBXFileReference section */
		4D6D32C30E8DA0596DD20C04 /* Pods_HXHSwiftKit.framework */ = {isa = PBXFileReference; explicitFileType = wrapper.framework; includeInIndex = 0; path = Pods_HXHSwiftKit.framework; sourceTree = BUILT_PRODUCTS_DIR; };
		586C5124243C4E6900F93C91 /* ColorManager.swift */ = {isa = PBXFileReference; lastKnownFileType = sourcecode.swift; path = ColorManager.swift; sourceTree = "<group>"; };
		586C5126243C539A00F93C91 /* HXHBaseNavigationViewController.swift */ = {isa = PBXFileReference; lastKnownFileType = sourcecode.swift; path = HXHBaseNavigationViewController.swift; sourceTree = "<group>"; };
		58C4405B24358AD000AF5649 /* HXHBaseViewController.swift */ = {isa = PBXFileReference; lastKnownFileType = sourcecode.swift; path = HXHBaseViewController.swift; sourceTree = "<group>"; };
		58C4405F2435C6EE00AF5649 /* UIViewController+HXHAdd.swift */ = {isa = PBXFileReference; lastKnownFileType = sourcecode.swift; path = "UIViewController+HXHAdd.swift"; sourceTree = "<group>"; };
		58C440612435D98600AF5649 /* HXHNameSpace.swift */ = {isa = PBXFileReference; lastKnownFileType = sourcecode.swift; path = HXHNameSpace.swift; sourceTree = "<group>"; };
		58C440642436D6A100AF5649 /* UIButton+HXHAdd.swift */ = {isa = PBXFileReference; lastKnownFileType = sourcecode.swift; path = "UIButton+HXHAdd.swift"; sourceTree = "<group>"; };
		58C4406724370EF700AF5649 /* FrameManager.swift */ = {isa = PBXFileReference; lastKnownFileType = sourcecode.swift; path = FrameManager.swift; sourceTree = "<group>"; };
		5C3CA58852C076BD4D60B4EE /* Pods-HXHSwiftKit.release.xcconfig */ = {isa = PBXFileReference; includeInIndex = 1; lastKnownFileType = text.xcconfig; name = "Pods-HXHSwiftKit.release.xcconfig"; path = "Target Support Files/Pods-HXHSwiftKit/Pods-HXHSwiftKit.release.xcconfig"; sourceTree = "<group>"; };
		A6572C5C2434C0AF002ED22C /* HXHSwiftKit.app */ = {isa = PBXFileReference; explicitFileType = wrapper.application; includeInIndex = 0; path = HXHSwiftKit.app; sourceTree = BUILT_PRODUCTS_DIR; };
		A6572C5F2434C0AF002ED22C /* AppDelegate.swift */ = {isa = PBXFileReference; lastKnownFileType = sourcecode.swift; path = AppDelegate.swift; sourceTree = "<group>"; };
		A6572C682434C0B3002ED22C /* Assets.xcassets */ = {isa = PBXFileReference; lastKnownFileType = folder.assetcatalog; path = Assets.xcassets; sourceTree = "<group>"; };
		A6572C6B2434C0B3002ED22C /* Base */ = {isa = PBXFileReference; lastKnownFileType = file.storyboard; name = Base; path = Base.lproj/LaunchScreen.storyboard; sourceTree = "<group>"; };
		A6572C6D2434C0B3002ED22C /* Info.plist */ = {isa = PBXFileReference; lastKnownFileType = text.plist.xml; path = Info.plist; sourceTree = "<group>"; };
		A6F63D082438784100E7BB45 /* File.swift */ = {isa = PBXFileReference; lastKnownFileType = sourcecode.swift; path = File.swift; sourceTree = "<group>"; };
		BD6531C6344D006C5A4D4EFC /* Pods-HXHSwiftKit.debug.xcconfig */ = {isa = PBXFileReference; includeInIndex = 1; lastKnownFileType = text.xcconfig; name = "Pods-HXHSwiftKit.debug.xcconfig"; path = "Target Support Files/Pods-HXHSwiftKit/Pods-HXHSwiftKit.debug.xcconfig"; sourceTree = "<group>"; };
/* End PBXFileReference section */

/* Begin PBXFrameworksBuildPhase section */
		A6572C592434C0AF002ED22C /* Frameworks */ = {
			isa = PBXFrameworksBuildPhase;
			buildActionMask = 2147483647;
			files = (
				51116ABA2426F5046CE09509 /* Pods_HXHSwiftKit.framework in Frameworks */,
			);
			runOnlyForDeploymentPostprocessing = 0;
		};
/* End PBXFrameworksBuildPhase section */

/* Begin PBXGroup section */
		3602070A18FCB89B597EC771 /* Frameworks */ = {
			isa = PBXGroup;
			children = (
				4D6D32C30E8DA0596DD20C04 /* Pods_HXHSwiftKit.framework */,
			);
			name = Frameworks;
			sourceTree = "<group>";
		};
		58C4405424357CB700AF5649 /* Login */ = {
			isa = PBXGroup;
			children = (
			);
			path = Login;
			sourceTree = "<group>";
		};
		58C4405524357CD500AF5649 /* Utils */ = {
			isa = PBXGroup;
			children = (
				58C4406624370D2900AF5649 /* Constant */,
				58C440632435EC7600AF5649 /* Extension */,
				58C4405824357CEE00AF5649 /* Network */,
				58C4405724357CE700AF5649 /* Manager */,
				58C4405624357CDE00AF5649 /* Base */,
			);
			path = Utils;
			sourceTree = "<group>";
		};
		58C4405624357CDE00AF5649 /* Base */ = {
			isa = PBXGroup;
			children = (
				58C4405B24358AD000AF5649 /* HXHBaseViewController.swift */,
				586C5126243C539A00F93C91 /* HXHBaseNavigationViewController.swift */,
			);
			path = Base;
			sourceTree = "<group>";
		};
		58C4405724357CE700AF5649 /* Manager */ = {
			isa = PBXGroup;
			children = (
			);
			path = Manager;
			sourceTree = "<group>";
		};
		58C4405824357CEE00AF5649 /* Network */ = {
			isa = PBXGroup;
			children = (
			);
			path = Network;
			sourceTree = "<group>";
		};
		58C4405924358A4800AF5649 /* Modules */ = {
			isa = PBXGroup;
			children = (
				58C4405A24358A8700AF5649 /* HomePage */,
				58C4405424357CB700AF5649 /* Login */,
			);
			path = Modules;
			sourceTree = "<group>";
		};
		58C4405A24358A8700AF5649 /* HomePage */ = {
			isa = PBXGroup;
			children = (
			);
			path = HomePage;
			sourceTree = "<group>";
		};
		58C440632435EC7600AF5649 /* Extension */ = {
			isa = PBXGroup;
			children = (
				58C4405F2435C6EE00AF5649 /* UIViewController+HXHAdd.swift */,
				58C440612435D98600AF5649 /* HXHNameSpace.swift */,
				58C440642436D6A100AF5649 /* UIButton+HXHAdd.swift */,
			);
			path = Extension;
			sourceTree = "<group>";
		};
		58C4406624370D2900AF5649 /* Constant */ = {
			isa = PBXGroup;
			children = (
				58C4406724370EF700AF5649 /* FrameManager.swift */,
				586C5124243C4E6900F93C91 /* ColorManager.swift */,
			);
			path = Constant;
			sourceTree = "<group>";
		};
		A6572C532434C0AF002ED22C = {
			isa = PBXGroup;
			children = (
				A6572C5E2434C0AF002ED22C /* HXHSwiftKit */,
				A6572C5D2434C0AF002ED22C /* Products */,
				FF5807AC993C9D80AD3DE25C /* Pods */,
				3602070A18FCB89B597EC771 /* Frameworks */,
			);
			sourceTree = "<group>";
		};
		A6572C5D2434C0AF002ED22C /* Products */ = {
			isa = PBXGroup;
			children = (
				A6572C5C2434C0AF002ED22C /* HXHSwiftKit.app */,
			);
			name = Products;
			sourceTree = "<group>";
		};
		A6572C5E2434C0AF002ED22C /* HXHSwiftKit */ = {
			isa = PBXGroup;
			children = (
				58C4405924358A4800AF5649 /* Modules */,
				58C4405524357CD500AF5649 /* Utils */,
				A6572C5F2434C0AF002ED22C /* AppDelegate.swift */,
				A6F63D082438784100E7BB45 /* File.swift */,
				A6572C682434C0B3002ED22C /* Assets.xcassets */,
				A6572C6A2434C0B3002ED22C /* LaunchScreen.storyboard */,
				A6572C6D2434C0B3002ED22C /* Info.plist */,
			);
			path = HXHSwiftKit;
			sourceTree = "<group>";
		};
		FF5807AC993C9D80AD3DE25C /* Pods */ = {
			isa = PBXGroup;
			children = (
				BD6531C6344D006C5A4D4EFC /* Pods-HXHSwiftKit.debug.xcconfig */,
				5C3CA58852C076BD4D60B4EE /* Pods-HXHSwiftKit.release.xcconfig */,
			);
			path = Pods;
			sourceTree = "<group>";
		};
/* End PBXGroup section */

/* Begin PBXNativeTarget section */
		A6572C5B2434C0AF002ED22C /* HXHSwiftKit */ = {
			isa = PBXNativeTarget;
			buildConfigurationList = A6572C702434C0B3002ED22C /* Build configuration list for PBXNativeTarget "HXHSwiftKit" */;
			buildPhases = (
				F0BEF9300A654DBA7E2C4D79 /* [CP] Check Pods Manifest.lock */,
				A6572C582434C0AF002ED22C /* Sources */,
				A6572C592434C0AF002ED22C /* Frameworks */,
				A6572C5A2434C0AF002ED22C /* Resources */,
				B28A440A551FF26DEE0D5F32 /* [CP] Embed Pods Frameworks */,
			);
			buildRules = (
			);
			dependencies = (
			);
			name = HXHSwiftKit;
			productName = HXHSwiftKit;
			productReference = A6572C5C2434C0AF002ED22C /* HXHSwiftKit.app */;
			productType = "com.apple.product-type.application";
		};
/* End PBXNativeTarget section */

/* Begin PBXProject section */
		A6572C542434C0AF002ED22C /* Project object */ = {
			isa = PBXProject;
			attributes = {
				LastSwiftUpdateCheck = 1140;
				LastUpgradeCheck = 1140;
				ORGANIZATIONNAME = "黄小豪";
				TargetAttributes = {
					A6572C5B2434C0AF002ED22C = {
						CreatedOnToolsVersion = 11.4;
					};
				};
			};
			buildConfigurationList = A6572C572434C0AF002ED22C /* Build configuration list for PBXProject "HXHSwiftKit" */;
			compatibilityVersion = "Xcode 9.3";
			developmentRegion = en;
			hasScannedForEncodings = 0;
			knownRegions = (
				en,
				Base,
			);
			mainGroup = A6572C532434C0AF002ED22C;
			productRefGroup = A6572C5D2434C0AF002ED22C /* Products */;
			projectDirPath = "";
			projectRoot = "";
			targets = (
				A6572C5B2434C0AF002ED22C /* HXHSwiftKit */,
			);
		};
/* End PBXProject section */

/* Begin PBXResourcesBuildPhase section */
		A6572C5A2434C0AF002ED22C /* Resources */ = {
			isa = PBXResourcesBuildPhase;
			buildActionMask = 2147483647;
			files = (
				A6572C6C2434C0B3002ED22C /* LaunchScreen.storyboard in Resources */,
				A6572C692434C0B3002ED22C /* Assets.xcassets in Resources */,
			);
			runOnlyForDeploymentPostprocessing = 0;
		};
/* End PBXResourcesBuildPhase section */

/* Begin PBXShellScriptBuildPhase section */
		B28A440A551FF26DEE0D5F32 /* [CP] Embed Pods Frameworks */ = {
			isa = PBXShellScriptBuildPhase;
			buildActionMask = 2147483647;
			files = (
			);
			inputFileListPaths = (
				"${PODS_ROOT}/Target Support Files/Pods-HXHSwiftKit/Pods-HXHSwiftKit-frameworks-${CONFIGURATION}-input-files.xcfilelist",
			);
			name = "[CP] Embed Pods Frameworks";
			outputFileListPaths = (
				"${PODS_ROOT}/Target Support Files/Pods-HXHSwiftKit/Pods-HXHSwiftKit-frameworks-${CONFIGURATION}-output-files.xcfilelist",
			);
			runOnlyForDeploymentPostprocessing = 0;
			shellPath = /bin/sh;
			shellScript = "\"${PODS_ROOT}/Target Support Files/Pods-HXHSwiftKit/Pods-HXHSwiftKit-frameworks.sh\"\n";
			showEnvVarsInLog = 0;
		};
		F0BEF9300A654DBA7E2C4D79 /* [CP] Check Pods Manifest.lock */ = {
			isa = PBXShellScriptBuildPhase;
			buildActionMask = 2147483647;
			files = (
			);
			inputFileListPaths = (
			);
			inputPaths = (
				"${PODS_PODFILE_DIR_PATH}/Podfile.lock",
				"${PODS_ROOT}/Manifest.lock",
			);
			name = "[CP] Check Pods Manifest.lock";
			outputFileListPaths = (
			);
			outputPaths = (
				"$(DERIVED_FILE_DIR)/Pods-HXHSwiftKit-checkManifestLockResult.txt",
			);
			runOnlyForDeploymentPostprocessing = 0;
			shellPath = /bin/sh;
			shellScript = "diff \"${PODS_PODFILE_DIR_PATH}/Podfile.lock\" \"${PODS_ROOT}/Manifest.lock\" > /dev/null\nif [ $? != 0 ] ; then\n    # print error to STDERR\n    echo \"error: The sandbox is not in sync with the Podfile.lock. Run 'pod install' or update your CocoaPods installation.\" >&2\n    exit 1\nfi\n# This output is used by Xcode 'outputs' to avoid re-running this script phase.\necho \"SUCCESS\" > \"${SCRIPT_OUTPUT_FILE_0}\"\n";
			showEnvVarsInLog = 0;
		};
/* End PBXShellScriptBuildPhase section */

/* Begin PBXSourcesBuildPhase section */
		A6572C582434C0AF002ED22C /* Sources */ = {
			isa = PBXSourcesBuildPhase;
			buildActionMask = 2147483647;
			files = (
				58C440622435D98600AF5649 /* HXHNameSpace.swift in Sources */,
				586C5127243C539A00F93C91 /* HXHBaseNavigationViewController.swift in Sources */,
				58C4406824370EF700AF5649 /* FrameManager.swift in Sources */,
				A6F63D092438784100E7BB45 /* File.swift in Sources */,
				58C4405D24358AD000AF5649 /* HXHBaseViewController.swift in Sources */,
				58C440652436D6A100AF5649 /* UIButton+HXHAdd.swift in Sources */,
				A6572C602434C0AF002ED22C /* AppDelegate.swift in Sources */,
				58C440602435C6EE00AF5649 /* UIViewController+HXHAdd.swift in Sources */,
				586C5125243C4E6900F93C91 /* ColorManager.swift in Sources */,
			);
			runOnlyForDeploymentPostprocessing = 0;
		};
/* End PBXSourcesBuildPhase section */

/* Begin PBXVariantGroup section */
		A6572C6A2434C0B3002ED22C /* LaunchScreen.storyboard */ = {
			isa = PBXVariantGroup;
			children = (
				A6572C6B2434C0B3002ED22C /* Base */,
			);
			name = LaunchScreen.storyboard;
			sourceTree = "<group>";
		};
/* End PBXVariantGroup section */

/* Begin XCBuildConfiguration section */
		A6572C6E2434C0B3002ED22C /* Debug */ = {
			isa = XCBuildConfiguration;
			buildSettings = {
				ALWAYS_SEARCH_USER_PATHS = NO;
				CLANG_ANALYZER_NONNULL = YES;
				CLANG_ANALYZER_NUMBER_OBJECT_CONVERSION = YES_AGGRESSIVE;
				CLANG_CXX_LANGUAGE_STANDARD = "gnu++14";
				CLANG_CXX_LIBRARY = "libc++";
				CLANG_ENABLE_MODULES = YES;
				CLANG_ENABLE_OBJC_ARC = YES;
				CLANG_ENABLE_OBJC_WEAK = YES;
				CLANG_WARN_BLOCK_CAPTURE_AUTORELEASING = YES;
				CLANG_WARN_BOOL_CONVERSION = YES;
				CLANG_WARN_COMMA = YES;
				CLANG_WARN_CONSTANT_CONVERSION = YES;
				CLANG_WARN_DEPRECATED_OBJC_IMPLEMENTATIONS = YES;
				CLANG_WARN_DIRECT_OBJC_ISA_USAGE = YES_ERROR;
				CLANG_WARN_DOCUMENTATION_COMMENTS = YES;
				CLANG_WARN_EMPTY_BODY = YES;
				CLANG_WARN_ENUM_CONVERSION = YES;
				CLANG_WARN_INFINITE_RECURSION = YES;
				CLANG_WARN_INT_CONVERSION = YES;
				CLANG_WARN_NON_LITERAL_NULL_CONVERSION = YES;
				CLANG_WARN_OBJC_IMPLICIT_RETAIN_SELF = YES;
				CLANG_WARN_OBJC_LITERAL_CONVERSION = YES;
				CLANG_WARN_OBJC_ROOT_CLASS = YES_ERROR;
				CLANG_WARN_RANGE_LOOP_ANALYSIS = YES;
				CLANG_WARN_STRICT_PROTOTYPES = YES;
				CLANG_WARN_SUSPICIOUS_MOVE = YES;
				CLANG_WARN_UNGUARDED_AVAILABILITY = YES_AGGRESSIVE;
				CLANG_WARN_UNREACHABLE_CODE = YES;
				CLANG_WARN__DUPLICATE_METHOD_MATCH = YES;
				COPY_PHASE_STRIP = NO;
				DEBUG_INFORMATION_FORMAT = dwarf;
				ENABLE_STRICT_OBJC_MSGSEND = YES;
				ENABLE_TESTABILITY = YES;
				GCC_C_LANGUAGE_STANDARD = gnu11;
				GCC_DYNAMIC_NO_PIC = NO;
				GCC_NO_COMMON_BLOCKS = YES;
				GCC_OPTIMIZATION_LEVEL = 0;
				GCC_PREPROCESSOR_DEFINITIONS = (
					"DEBUG=1",
					"$(inherited)",
				);
				GCC_WARN_64_TO_32_BIT_CONVERSION = YES;
				GCC_WARN_ABOUT_RETURN_TYPE = YES_ERROR;
				GCC_WARN_UNDECLARED_SELECTOR = YES;
				GCC_WARN_UNINITIALIZED_AUTOS = YES_AGGRESSIVE;
				GCC_WARN_UNUSED_FUNCTION = YES;
				GCC_WARN_UNUSED_VARIABLE = YES;
				IPHONEOS_DEPLOYMENT_TARGET = 10.0;
				MTL_ENABLE_DEBUG_INFO = INCLUDE_SOURCE;
				MTL_FAST_MATH = YES;
				ONLY_ACTIVE_ARCH = YES;
				SDKROOT = iphoneos;
				SWIFT_ACTIVE_COMPILATION_CONDITIONS = DEBUG;
				SWIFT_OPTIMIZATION_LEVEL = "-Onone";
			};
			name = Debug;
		};
		A6572C6F2434C0B3002ED22C /* Release */ = {
			isa = XCBuildConfiguration;
			buildSettings = {
				ALWAYS_SEARCH_USER_PATHS = NO;
				CLANG_ANALYZER_NONNULL = YES;
				CLANG_ANALYZER_NUMBER_OBJECT_CONVERSION = YES_AGGRESSIVE;
				CLANG_CXX_LANGUAGE_STANDARD = "gnu++14";
				CLANG_CXX_LIBRARY = "libc++";
				CLANG_ENABLE_MODULES = YES;
				CLANG_ENABLE_OBJC_ARC = YES;
				CLANG_ENABLE_OBJC_WEAK = YES;
				CLANG_WARN_BLOCK_CAPTURE_AUTORELEASING = YES;
				CLANG_WARN_BOOL_CONVERSION = YES;
				CLANG_WARN_COMMA = YES;
				CLANG_WARN_CONSTANT_CONVERSION = YES;
				CLANG_WARN_DEPRECATED_OBJC_IMPLEMENTATIONS = YES;
				CLANG_WARN_DIRECT_OBJC_ISA_USAGE = YES_ERROR;
				CLANG_WARN_DOCUMENTATION_COMMENTS = YES;
				CLANG_WARN_EMPTY_BODY = YES;
				CLANG_WARN_ENUM_CONVERSION = YES;
				CLANG_WARN_INFINITE_RECURSION = YES;
				CLANG_WARN_INT_CONVERSION = YES;
				CLANG_WARN_NON_LITERAL_NULL_CONVERSION = YES;
				CLANG_WARN_OBJC_IMPLICIT_RETAIN_SELF = YES;
				CLANG_WARN_OBJC_LITERAL_CONVERSION = YES;
				CLANG_WARN_OBJC_ROOT_CLASS = YES_ERROR;
				CLANG_WARN_RANGE_LOOP_ANALYSIS = YES;
				CLANG_WARN_STRICT_PROTOTYPES = YES;
				CLANG_WARN_SUSPICIOUS_MOVE = YES;
				CLANG_WARN_UNGUARDED_AVAILABILITY = YES_AGGRESSIVE;
				CLANG_WARN_UNREACHABLE_CODE = YES;
				CLANG_WARN__DUPLICATE_METHOD_MATCH = YES;
				COPY_PHASE_STRIP = NO;
				DEBUG_INFORMATION_FORMAT = "dwarf-with-dsym";
				ENABLE_NS_ASSERTIONS = NO;
				ENABLE_STRICT_OBJC_MSGSEND = YES;
				GCC_C_LANGUAGE_STANDARD = gnu11;
				GCC_NO_COMMON_BLOCKS = YES;
				GCC_WARN_64_TO_32_BIT_CONVERSION = YES;
				GCC_WARN_ABOUT_RETURN_TYPE = YES_ERROR;
				GCC_WARN_UNDECLARED_SELECTOR = YES;
				GCC_WARN_UNINITIALIZED_AUTOS = YES_AGGRESSIVE;
				GCC_WARN_UNUSED_FUNCTION = YES;
				GCC_WARN_UNUSED_VARIABLE = YES;
				IPHONEOS_DEPLOYMENT_TARGET = 10.0;
				MTL_ENABLE_DEBUG_INFO = NO;
				MTL_FAST_MATH = YES;
				SDKROOT = iphoneos;
				SWIFT_COMPILATION_MODE = wholemodule;
				SWIFT_OPTIMIZATION_LEVEL = "-O";
				VALIDATE_PRODUCT = YES;
			};
			name = Release;
		};
		A6572C712434C0B3002ED22C /* Debug */ = {
			isa = XCBuildConfiguration;
			baseConfigurationReference = BD6531C6344D006C5A4D4EFC /* Pods-HXHSwiftKit.debug.xcconfig */;
			buildSettings = {
				ASSETCATALOG_COMPILER_APPICON_NAME = AppIcon;
				CODE_SIGN_STYLE = Automatic;
				INFOPLIST_FILE = HXHSwiftKit/Info.plist;
				LD_RUNPATH_SEARCH_PATHS = (
					"$(inherited)",
					"@executable_path/Frameworks",
				);
				PRODUCT_BUNDLE_IDENTIFIER = hxh.HXHSwiftKit;
				PRODUCT_NAME = "$(TARGET_NAME)";
				SWIFT_VERSION = 5.0;
				TARGETED_DEVICE_FAMILY = "1,2";
			};
			name = Debug;
		};
		A6572C722434C0B3002ED22C /* Release */ = {
			isa = XCBuildConfiguration;
			baseConfigurationReference = 5C3CA58852C076BD4D60B4EE /* Pods-HXHSwiftKit.release.xcconfig */;
			buildSettings = {
				ASSETCATALOG_COMPILER_APPICON_NAME = AppIcon;
				CODE_SIGN_STYLE = Automatic;
				INFOPLIST_FILE = HXHSwiftKit/Info.plist;
				LD_RUNPATH_SEARCH_PATHS = (
					"$(inherited)",
					"@executable_path/Frameworks",
				);
				PRODUCT_BUNDLE_IDENTIFIER = hxh.HXHSwiftKit;
				PRODUCT_NAME = "$(TARGET_NAME)";
				SWIFT_VERSION = 5.0;
				TARGETED_DEVICE_FAMILY = "1,2";
			};
			name = Release;
		};
/* End XCBuildConfiguration section */

/* Begin XCConfigurationList section */
		A6572C572434C0AF002ED22C /* Build configuration list for PBXProject "HXHSwiftKit" */ = {
			isa = XCConfigurationList;
			buildConfigurations = (
				A6572C6E2434C0B3002ED22C /* Debug */,
				A6572C6F2434C0B3002ED22C /* Release */,
			);
			defaultConfigurationIsVisible = 0;
			defaultConfigurationName = Release;
		};
		A6572C702434C0B3002ED22C /* Build configuration list for PBXNativeTarget "HXHSwiftKit" */ = {
			isa = XCConfigurationList;
			buildConfigurations = (
				A6572C712434C0B3002ED22C /* Debug */,
				A6572C722434C0B3002ED22C /* Release */,
			);
			defaultConfigurationIsVisible = 0;
			defaultConfigurationName = Release;
		};
/* End XCConfigurationList section */
	};
	rootObject = A6572C542434C0AF002ED22C /* Project object */;
}
